
Microsoft Visual Studio Solution File, Format Version 12.00
# Visual Studio Version 17
VisualStudioVersion = 17.0.32112.339
MinimumVisualStudioVersion = 10.0.40219.1
Project("{FAE04EC0-301F-11D3-BF4B-00C04F79EFBC}") = "CardGame.Android", "CardGame\CardGame.Android\CardGame.Android.csproj", "{BB835C0A-4103-4899-9B4F-9890580DA544}"
EndProject
Project("{FAE04EC0-301F-11D3-BF4B-00C04F79EFBC}") = "CardGame.iOS", "CardGame\CardGame.iOS\CardGame.iOS.csproj", "{44AB68D1-0058-4E1E-9403-96D1F0640E3A}"
EndProject
Project("{FAE04EC0-301F-11D3-BF4B-00C04F79EFBC}") = "CardGame", "CardGame\CardGame\CardGame.csproj", "{57B408A6-2AA4-41D9-B72B-CF132884A18C}"
EndProject
Global
	GlobalSection(SolutionConfigurationPlatforms) = preSolution
		Debug|Any CPU = Debug|Any CPU
		Debug|iPhone = Debug|iPhone
		Debug|iPhoneSimulator = Debug|iPhoneSimulator
		Release|Any CPU = Release|Any CPU
		Release|iPhone = Release|iPhone
		Release|iPhoneSimulator = Release|iPhoneSimulator
	EndGlobalSection
	GlobalSection(ProjectConfigurationPlatforms) = postSolution
		{BB835C0A-4103-4899-9B4F-9890580DA544}.Debug|Any CPU.ActiveCfg = Debug|Any CPU
		{BB835C0A-4103-4899-9B4F-9890580DA544}.Debug|Any CPU.Build.0 = Debug|Any CPU
		{BB835C0A-4103-4899-9B4F-9890580DA544}.Debug|Any CPU.Deploy.0 = Debug|Any CPU
		{BB835C0A-4103-4899-9B4F-9890580DA544}.Debug|iPhone.ActiveCfg = Debug|Any CPU
		{BB835C0A-4103-4899-9B4F-9890580DA544}.Debug|iPhone.Build.0 = Debug|Any CPU
		{BB835C0A-4103-4899-9B4F-9890580DA544}.Debug|iPhone.Deploy.0 = Debug|Any CPU
		{BB835C0A-4103-4899-9B4F-9890580DA544}.Debug|iPhoneSimulator.ActiveCfg = Debug|Any CPU
		{BB835C0A-4103-4899-9B4F-9890580DA544}.Debug|iPhoneSimulator.Build.0 = Debug|Any CPU
		{BB835C0A-4103-4899-9B4F-9890580DA544}.Debug|iPhoneSimulator.Deploy.0 = Debug|Any CPU
		{BB835C0A-4103-4899-9B4F-9890580DA544}.Release|Any CPU.ActiveCfg = Release|Any CPU
		{BB835C0A-4103-4899-9B4F-9890580DA544}.Release|Any CPU.Build.0 = Release|Any CPU
		{BB835C0A-4103-4899-9B4F-9890580DA544}.Release|Any CPU.Deploy.0 = Release|Any CPU
		{BB835C0A-4103-4899-9B4F-9890580DA544}.Release|iPhone.ActiveCfg = Release|Any CPU
		{BB835C0A-4103-4899-9B4F-9890580DA544}.Release|iPhone.Build.0 = Release|Any CPU
		{BB835C0A-4103-4899-9B4F-9890580DA544}.Release|iPhone.Deploy.0 = Release|Any CPU
		{BB835C0A-4103-4899-9B4F-9890580DA544}.Release|iPhoneSimulator.ActiveCfg = Release|Any CPU
		{BB835C0A-4103-4899-9B4F-9890580DA544}.Release|iPhoneSimulator.Build.0 = Release|Any CPU
		{BB835C0A-4103-4899-9B4F-9890580DA544}.Release|iPhoneSimulator.Deploy.0 = Release|Any CPU
		{44AB68D1-0058-4E1E-9403-96D1F0640E3A}.Debug|Any CPU.ActiveCfg = Debug|iPhone
		{44AB68D1-0058-4E1E-9403-96D1F0640E3A}.Debug|Any CPU.Build.0 = Debug|iPhone
		{44AB68D1-0058-4E1E-9403-96D1F0640E3A}.Debug|Any CPU.Deploy.0 = Debug|iPhone
		{44AB68D1-0058-4E1E-9403-96D1F0640E3A}.Debug|iPhone.ActiveCfg = Debug|iPhone
		{44AB68D1-0058-4E1E-9403-96D1F0640E3A}.Debug|iPhone.Build.0 = Debug|iPhone
		{44AB68D1-0058-4E1E-9403-96D1F0640E3A}.Debug|iPhone.Deploy.0 = Debug|iPhone
		{44AB68D1-0058-4E1E-9403-96D1F0640E3A}.Debug|iPhoneSimulator.ActiveCfg = Debug|iPhoneSimulator
		{44AB68D1-0058-4E1E-9403-96D1F0640E3A}.Debug|iPhoneSimulator.Build.0 = Debug|iPhoneSimulator
		{44AB68D1-0058-4E1E-9403-96D1F0640E3A}.Debug|iPhoneSimulator.Deploy.0 = Debug|iPhoneSimulator
		{44AB68D1-0058-4E1E-9403-96D1F0640E3A}.Release|Any CPU.ActiveCfg = Release|iPhoneSimulator
		{44AB68D1-0058-4E1E-9403-96D1F0640E3A}.Release|Any CPU.Build.0 = Release|iPhoneSimulator
		{44AB68D1-0058-4E1E-9403-96D1F0640E3A}.Release|Any CPU.Deploy.0 = Release|iPhoneSimulator
		{44AB68D1-0058-4E1E-9403-96D1F0640E3A}.Release|iPhone.ActiveCfg = Release|iPhone
		{44AB68D1-0058-4E1E-9403-96D1F0640E3A}.Release|iPhone.Build.0 = Release|iPhone
		{44AB68D1-0058-4E1E-9403-96D1F0640E3A}.Release|iPhone.Deploy.0 = Release|iPhone
		{44AB68D1-0058-4E1E-9403-96D1F0640E3A}.Release|iPhoneSimulator.ActiveCfg = Release|iPhoneSimulator
		{44AB68D1-0058-4E1E-9403-96D1F0640E3A}.Release|iPhoneSimulator.Build.0 = Release|iPhoneSimulator
		{44AB68D1-0058-4E1E-9403-96D1F0640E3A}.Release|iPhoneSimulator.Deploy.0 = Release|iPhoneSimulator
		{57B408A6-2AA4-41D9-B72B-CF132884A18C}.Debug|Any CPU.ActiveCfg = Debug|Any CPU
		{57B408A6-2AA4-41D9-B72B-CF132884A18C}.Debug|Any CPU.Build.0 = Debug|Any CPU
		{57B408A6-2AA4-41D9-B72B-CF132884A18C}.Debug|Any CPU.Deploy.0 = Debug|Any CPU
		{57B408A6-2AA4-41D9-B72B-CF132884A18C}.Debug|iPhone.ActiveCfg = Debug|Any CPU
		{57B408A6-2AA4-41D9-B72B-CF132884A18C}.Debug|iPhone.Build.0 = Debug|Any CPU
		{57B408A6-2AA4-41D9-B72B-CF132884A18C}.Debug|iPhone.Deploy.0 = Debug|Any CPU
		{57B408A6-2AA4-41D9-B72B-CF132884A18C}.Debug|iPhoneSimulator.ActiveCfg = Debug|Any CPU
		{57B408A6-2AA4-41D9-B72B-CF132884A18C}.Debug|iPhoneSimulator.Build.0 = Debug|Any CPU
		{57B408A6-2AA4-41D9-B72B-CF132884A18C}.Debug|iPhoneSimulator.Deploy.0 = Debug|Any CPU
		{57B408A6-2AA4-41D9-B72B-CF132884A18C}.Release|Any CPU.ActiveCfg = Release|Any CPU
		{57B408A6-2AA4-41D9-B72B-CF132884A18C}.Release|Any CPU.Build.0 = Release|Any CPU
		{57B408A6-2AA4-41D9-B72B-CF132884A18C}.Release|Any CPU.Deploy.0 = Release|Any CPU
		{57B408A6-2AA4-41D9-B72B-CF132884A18C}.Release|iPhone.ActiveCfg = Release|Any CPU
		{57B408A6-2AA4-41D9-B72B-CF132884A18C}.Release|iPhone.Build.0 = Release|Any CPU
		{57B408A6-2AA4-41D9-B72B-CF132884A18C}.Release|iPhone.Deploy.0 = Release|Any CPU
		{57B408A6-2AA4-41D9-B72B-CF132884A18C}.Release|iPhoneSimulator.ActiveCfg = Release|Any CPU
		{57B408A6-2AA4-41D9-B72B-CF132884A18C}.Release|iPhoneSimulator.Build.0 = Release|Any CPU
		{57B408A6-2AA4-41D9-B72B-CF132884A18C}.Release|iPhoneSimulator.Deploy.0 = Release|Any CPU
	EndGlobalSection
	GlobalSection(SolutionProperties) = preSolution
		HideSolutionNode = FALSE
	EndGlobalSection
	GlobalSection(ExtensibilityGlobals) = postSolution
		SolutionGuid = {285C762C-D24D-4FC7-AA2C-EBBFADABA794}
	EndGlobalSection
EndGlobal
